Microsoft Visual Studio Solution File, Format Version 12.00
# Visual Studio Version 17
VisualStudioVersion = 17.5.2.0
MinimumVisualStudioVersion = 10.0.40219.1
Project("{FAE04EC0-301F-11D3-BF4B-00C04F79EFBC}") = "Pixi2D", "Pixi2D.csproj", "{8B45DCBF-2A4F-E5BB-D263-5823A23E97D8}"
EndProject
Global
	GlobalSection(SolutionConfigurationPlatforms) = preSolution
		Debug|Any CPU = Debug|Any CPU
		Release|Any CPU = Release|Any CPU
	EndGlobalSection
	GlobalSection(ProjectConfigurationPlatforms) = postSolution
		{8B45DCBF-2A4F-E5BB-D263-5823A23E97D8}.Debug|Any CPU.ActiveCfg = Debug|Any CPU
		{8B45DCBF-2A4F-E5BB-D263-5823A23E97D8}.Debug|Any CPU.Build.0 = Debug|Any CPU
		{8B45DCBF-2A4F-E5BB-D263-5823A23E97D8}.Release|Any CPU.ActiveCfg = Release|Any CPU
		{8B45DCBF-2A4F-E5BB-D263-5823A23E97D8}.Release|Any CPU.Build.0 = Release|Any CPU
	EndGlobalSection
	GlobalSection(SolutionProperties) = preSolution
		HideSolutionNode = FALSE
	EndGlobalSection
	GlobalSection(ExtensibilityGlobals) = postSolution
		SolutionGuid = {82358ACF-B5A9-4730-BD0A-D0595ADF749D}
	EndGlobalSection
EndGlobal
